{
  "version": 2,
  "dependencies": {
    "net10.0": {
      "Meziantou.Analyzer": {
        "type": "Direct",
        "requested": "[3.0.283, )",
        "resolved": "3.0.283",
        "contentHash": "8UKUK7wiL+DMA/c8mGPK9J24wLKDZ5DHKDv38GlyeJNkza9Q1yQziudEt1Op7/+0CL1vVi41PhACj1e6948f7w=="
      },
      "Microsoft.CodeAnalysis.BannedApiAnalyzers": {
        "type": "Direct",
        "requested": "[5.6.0, )",
        "resolved": "5.6.0",
        "contentHash": "Kcobt3pnOdO0A+6CKiMHZdTEluJpsfxiV20axtZdmfBQnDmiWTKPJADlgAfdTuKNAnVarrkJa0UEGwuOo91muw=="
      },
      "Microsoft.NET.ILLink.Tasks": {
        "type": "Direct",
        "requested": "[10.0.12, )",
        "resolved": "10.0.12",
        "contentHash": "xi+BDjFpW+Sb+MHFHaH6Y/gV9I8BluFwRXc1QyCdoZbIK26eNiBeFuMTe/FMwc33G1wdHCyDg7CVTmb8OdQrMQ=="
      },
      "Microsoft.Sbom.Targets": {
        "type": "Direct",
        "requested": "[4.1.13, )",
        "resolved": "4.1.13",
        "contentHash": "l9NiCqVmBBY06Lrxv61xWtiLvU1feto6j7QmMsaARBopO+QLTFDFLEIbYe8pYGjk1INJ2eWE/GGjToqQpokYAw=="
      },
      "MinVer": {
        "type": "Direct",
        "requested": "[8.0.0, )",
        "resolved": "8.0.0",
        "contentHash": "AJy/KVjXgUbgjf6HiI8wAk4DSSq0SCmvXQF8aU6IB+pnIQq+YJvofvMczug2hqO8yEvnQY557ryew66KPpyCsA=="
      },
      "cheatengine.sdk.abi": {
        "type": "Project"
      },
      "cheatengine.sdk.annotations": {
        "type": "Project"
      },
      "cheatengine.sdk.engine": {
        "type": "Project",
        "dependencies": {
          "CheatEngine.SDK.Annotations": "[1.0.0, )",
          "CheatEngine.SDK.Lua": "[1.0.0, )",
          "CheatEngine.SDK.Lua.Interop": "[1.0.0, )"
        }
      },
      "cheatengine.sdk.hosting": {
        "type": "Project",
        "dependencies": {
          "CheatEngine.SDK.Abi": "[1.0.0, )",
          "CheatEngine.SDK.Annotations": "[1.0.0, )",
          "CheatEngine.SDK.Lua": "[1.0.0, )",
          "CheatEngine.SDK.Lua.Interop": "[1.0.0, )"
        }
      },
      "cheatengine.sdk.lua": {
        "type": "Project",
        "dependencies": {
          "CheatEngine.SDK.Annotations": "[1.0.0, )",
          "CheatEngine.SDK.Lua.Interop": "[1.0.0, )"
        }
      },
      "cheatengine.sdk.lua.interop": {
        "type": "Project"
      }
    }
  }
}